
Microsoft Visual Studio Solution File, Format Version 12.00
# Visual Studio Version 16
VisualStudioVersion = 16.0.29920.165
MinimumVisualStudioVersion = 10.0.40219.1
Project("{FAE04EC0-301F-11D3-BF4B-00C04F79EFBC}") = "MyServiceDemo18", "MyServiceDemo18\MyServiceDemo18.csproj", "{7D7E44A4-FE42-492B-B2F5-AD8EC7179E09}"
EndProject
Project("{FAE04EC0-301F-11D3-BF4B-00C04F79EFBC}") = "ServiceLibrary", "ServiceLibrary\ServiceLibrary.csproj", "{27D5A781-0C53-46A2-ABBA-4F835176A44E}"
EndProject
Project("{FAE04EC0-301F-11D3-BF4B-00C04F79EFBC}") = "MathHost", "MathHost\MathHost.csproj", "{3F9DCB74-F15D-4E3E-B079-93B917A38DF0}"
EndProject
Project("{FAE04EC0-301F-11D3-BF4B-00C04F79EFBC}") = "MathClient", "MathClient\MathClient.csproj", "{98242B7A-F4D6-40AB-9109-54B2A454371C}"
EndProject
Project("{2150E333-8FDC-42A3-9474-1A3956D46DE8}") = "WCF_02", "WCF_02", "{CC764CBF-8615-4EC9-BB42-54D25E377138}"
EndProject
Project("{FAE04EC0-301F-11D3-BF4B-00C04F79EFBC}") = "MyGameLib", "MyGameLib\MyGameLib.csproj", "{8DB09938-F99F-4CEC-8257-236D537DC3D0}"
EndProject
Project("{FAE04EC0-301F-11D3-BF4B-00C04F79EFBC}") = "MyGameHost", "MyGameHost\MyGameHost.csproj", "{E8A9C16E-D563-4542-893E-0217945C9A9A}"
EndProject
Project("{FAE04EC0-301F-11D3-BF4B-00C04F79EFBC}") = "MyGameDemo", "MyGameDemo\MyGameDemo.csproj", "{8BD55354-FF44-4940-B3E7-93543D9B63AE}"
EndProject
Project("{2150E333-8FDC-42A3-9474-1A3956D46DE8}") = "WCF_03", "WCF_03", "{2673CB83-F937-4503-9D24-6E2B6DA1DC7D}"
EndProject
Project("{FAE04EC0-301F-11D3-BF4B-00C04F79EFBC}") = "TotalMathLib", "TotalMathLib\TotalMathLib.csproj", "{68C5568E-2810-4711-84D0-6EF33C8E41D3}"
EndProject
Project("{FAE04EC0-301F-11D3-BF4B-00C04F79EFBC}") = "TotalMathHost", "TotalMathHost\TotalMathHost.csproj", "{0A54088D-1511-4DF6-A419-1D3CF328F494}"
EndProject
Project("{FAE04EC0-301F-11D3-BF4B-00C04F79EFBC}") = "TotalMathClient", "TotalMathClient\TotalMathClient.csproj", "{C02DBE59-50AF-4F9A-8B44-5A0B0DCFD3A5}"
EndProject
Project("{FAE04EC0-301F-11D3-BF4B-00C04F79EFBC}") = "StudentHost", "StudentHost\StudentHost.csproj", "{76643AB6-0AD8-4FD9-A4BB-BCFAE58FEB5B}"
EndProject
Project("{FAE04EC0-301F-11D3-BF4B-00C04F79EFBC}") = "StudentAsyncClient", "StudentAsyncClient\StudentAsyncClient.csproj", "{D6AD10AE-278A-4736-BD9A-E616FA6B8E69}"
EndProject
Global
	GlobalSection(SolutionConfigurationPlatforms) = preSolution
		Debug|Any CPU = Debug|Any CPU
		Release|Any CPU = Release|Any CPU
	EndGlobalSection
	GlobalSection(ProjectConfigurationPlatforms) = postSolution
		{7D7E44A4-FE42-492B-B2F5-AD8EC7179E09}.Debug|Any CPU.ActiveCfg = Debug|Any CPU
		{7D7E44A4-FE42-492B-B2F5-AD8EC7179E09}.Debug|Any CPU.Build.0 = Debug|Any CPU
		{7D7E44A4-FE42-492B-B2F5-AD8EC7179E09}.Release|Any CPU.ActiveCfg = Release|Any CPU
		{7D7E44A4-FE42-492B-B2F5-AD8EC7179E09}.Release|Any CPU.Build.0 = Release|Any CPU
		{27D5A781-0C53-46A2-ABBA-4F835176A44E}.Debug|Any CPU.ActiveCfg = Debug|Any CPU
		{27D5A781-0C53-46A2-ABBA-4F835176A44E}.Debug|Any CPU.Build.0 = Debug|Any CPU
		{27D5A781-0C53-46A2-ABBA-4F835176A44E}.Release|Any CPU.ActiveCfg = Release|Any CPU
		{27D5A781-0C53-46A2-ABBA-4F835176A44E}.Release|Any CPU.Build.0 = Release|Any CPU
		{3F9DCB74-F15D-4E3E-B079-93B917A38DF0}.Debug|Any CPU.ActiveCfg = Debug|Any CPU
		{3F9DCB74-F15D-4E3E-B079-93B917A38DF0}.Debug|Any CPU.Build.0 = Debug|Any CPU
		{3F9DCB74-F15D-4E3E-B079-93B917A38DF0}.Release|Any CPU.ActiveCfg = Release|Any CPU
		{3F9DCB74-F15D-4E3E-B079-93B917A38DF0}.Release|Any CPU.Build.0 = Release|Any CPU
		{98242B7A-F4D6-40AB-9109-54B2A454371C}.Debug|Any CPU.ActiveCfg = Debug|Any CPU
		{98242B7A-F4D6-40AB-9109-54B2A454371C}.Debug|Any CPU.Build.0 = Debug|Any CPU
		{98242B7A-F4D6-40AB-9109-54B2A454371C}.Release|Any CPU.ActiveCfg = Release|Any CPU
		{98242B7A-F4D6-40AB-9109-54B2A454371C}.Release|Any CPU.Build.0 = Release|Any CPU
		{8DB09938-F99F-4CEC-8257-236D537DC3D0}.Debug|Any CPU.ActiveCfg = Debug|Any CPU
		{8DB09938-F99F-4CEC-8257-236D537DC3D0}.Debug|Any CPU.Build.0 = Debug|Any CPU
		{8DB09938-F99F-4CEC-8257-236D537DC3D0}.Release|Any CPU.ActiveCfg = Release|Any CPU
		{8DB09938-F99F-4CEC-8257-236D537DC3D0}.Release|Any CPU.Build.0 = Release|Any CPU
		{E8A9C16E-D563-4542-893E-0217945C9A9A}.Debug|Any CPU.ActiveCfg = Debug|Any CPU
		{E8A9C16E-D563-4542-893E-0217945C9A9A}.Debug|Any CPU.Build.0 = Debug|Any CPU
		{E8A9C16E-D563-4542-893E-0217945C9A9A}.Release|Any CPU.ActiveCfg = Release|Any CPU
		{E8A9C16E-D563-4542-893E-0217945C9A9A}.Release|Any CPU.Build.0 = Release|Any CPU
		{8BD55354-FF44-4940-B3E7-93543D9B63AE}.Debug|Any CPU.ActiveCfg = Debug|Any CPU
		{8BD55354-FF44-4940-B3E7-93543D9B63AE}.Debug|Any CPU.Build.0 = Debug|Any CPU
		{8BD55354-FF44-4940-B3E7-93543D9B63AE}.Release|Any CPU.ActiveCfg = Release|Any CPU
		{8BD55354-FF44-4940-B3E7-93543D9B63AE}.Release|Any CPU.Build.0 = Release|Any CPU
		{68C5568E-2810-4711-84D0-6EF33C8E41D3}.Debug|Any CPU.ActiveCfg = Debug|Any CPU
		{68C5568E-2810-4711-84D0-6EF33C8E41D3}.Debug|Any CPU.Build.0 = Debug|Any CPU
		{68C5568E-2810-4711-84D0-6EF33C8E41D3}.Release|Any CPU.ActiveCfg = Release|Any CPU
		{68C5568E-2810-4711-84D0-6EF33C8E41D3}.Release|Any CPU.Build.0 = Release|Any CPU
		{0A54088D-1511-4DF6-A419-1D3CF328F494}.Debug|Any CPU.ActiveCfg = Debug|Any CPU
		{0A54088D-1511-4DF6-A419-1D3CF328F494}.Debug|Any CPU.Build.0 = Debug|Any CPU
		{0A54088D-1511-4DF6-A419-1D3CF328F494}.Release|Any CPU.ActiveCfg = Release|Any CPU
		{0A54088D-1511-4DF6-A419-1D3CF328F494}.Release|Any CPU.Build.0 = Release|Any CPU
		{C02DBE59-50AF-4F9A-8B44-5A0B0DCFD3A5}.Debug|Any CPU.ActiveCfg = Debug|Any CPU
		{C02DBE59-50AF-4F9A-8B44-5A0B0DCFD3A5}.Debug|Any CPU.Build.0 = Debug|Any CPU
		{C02DBE59-50AF-4F9A-8B44-5A0B0DCFD3A5}.Release|Any CPU.ActiveCfg = Release|Any CPU
		{C02DBE59-50AF-4F9A-8B44-5A0B0DCFD3A5}.Release|Any CPU.Build.0 = Release|Any CPU
		{76643AB6-0AD8-4FD9-A4BB-BCFAE58FEB5B}.Debug|Any CPU.ActiveCfg = Debug|Any CPU
		{76643AB6-0AD8-4FD9-A4BB-BCFAE58FEB5B}.Debug|Any CPU.Build.0 = Debug|Any CPU
		{76643AB6-0AD8-4FD9-A4BB-BCFAE58FEB5B}.Release|Any CPU.ActiveCfg = Release|Any CPU
		{76643AB6-0AD8-4FD9-A4BB-BCFAE58FEB5B}.Release|Any CPU.Build.0 = Release|Any CPU
		{D6AD10AE-278A-4736-BD9A-E616FA6B8E69}.Debug|Any CPU.ActiveCfg = Debug|Any CPU
		{D6AD10AE-278A-4736-BD9A-E616FA6B8E69}.Debug|Any CPU.Build.0 = Debug|Any CPU
		{D6AD10AE-278A-4736-BD9A-E616FA6B8E69}.Release|Any CPU.ActiveCfg = Release|Any CPU
		{D6AD10AE-278A-4736-BD9A-E616FA6B8E69}.Release|Any CPU.Build.0 = Release|Any CPU
	EndGlobalSection
	GlobalSection(SolutionProperties) = preSolution
		HideSolutionNode = FALSE
	EndGlobalSection
	GlobalSection(NestedProjects) = preSolution
		{8DB09938-F99F-4CEC-8257-236D537DC3D0} = {CC764CBF-8615-4EC9-BB42-54D25E377138}
		{E8A9C16E-D563-4542-893E-0217945C9A9A} = {CC764CBF-8615-4EC9-BB42-54D25E377138}
		{8BD55354-FF44-4940-B3E7-93543D9B63AE} = {CC764CBF-8615-4EC9-BB42-54D25E377138}
		{68C5568E-2810-4711-84D0-6EF33C8E41D3} = {2673CB83-F937-4503-9D24-6E2B6DA1DC7D}
		{0A54088D-1511-4DF6-A419-1D3CF328F494} = {2673CB83-F937-4503-9D24-6E2B6DA1DC7D}
		{C02DBE59-50AF-4F9A-8B44-5A0B0DCFD3A5} = {2673CB83-F937-4503-9D24-6E2B6DA1DC7D}
		{76643AB6-0AD8-4FD9-A4BB-BCFAE58FEB5B} = {2673CB83-F937-4503-9D24-6E2B6DA1DC7D}
		{D6AD10AE-278A-4736-BD9A-E616FA6B8E69} = {2673CB83-F937-4503-9D24-6E2B6DA1DC7D}
	EndGlobalSection
	GlobalSection(ExtensibilityGlobals) = postSolution
		SolutionGuid = {15B86EC9-D60A-46C8-8CE6-B8E7B94D1B51}
	EndGlobalSection
EndGlobal
