
Microsoft Visual Studio Solution File, Format Version 12.00
# Visual Studio Version 16
VisualStudioVersion = 16.0.29920.165
MinimumVisualStudioVersion = 10.0.40219.1
Project("{FAE04EC0-301F-11D3-BF4B-00C04F79EFBC}") = "MyServiceDemo18", "MyServiceDemo18\MyServiceDemo18.csproj", "{7D7E44A4-FE42-492B-B2F5-AD8EC7179E09}"
EndProject
Project("{FAE04EC0-301F-11D3-BF4B-00C04F79EFBC}") = "ServiceLibrary", "ServiceLibrary\ServiceLibrary.csproj", "{27D5A781-0C53-46A2-ABBA-4F835176A44E}"
EndProject
Project("{FAE04EC0-301F-11D3-BF4B-00C04F79EFBC}") = "MathHost", "MathHost\MathHost.csproj", "{3F9DCB74-F15D-4E3E-B079-93B917A38DF0}"
EndProject
Project("{FAE04EC0-301F-11D3-BF4B-00C04F79EFBC}") = "MathClient", "MathClient\MathClient.csproj", "{98242B7A-F4D6-40AB-9109-54B2A454371C}"
EndProject
Project("{2150E333-8FDC-42A3-9474-1A3956D46DE8}") = "WCF_02", "WCF_02", "{CC764CBF-8615-4EC9-BB42-54D25E377138}"
EndProject
Project("{FAE04EC0-301F-11D3-BF4B-00C04F79EFBC}") = "MyGameLib", "MyGameLib\MyGameLib.csproj", "{8DB09938-F99F-4CEC-8257-236D537DC3D0}"
EndProject
Project("{FAE04EC0-301F-11D3-BF4B-00C04F79EFBC}") = "MyGameHost", "MyGameHost\MyGameHost.csproj", "{E8A9C16E-D563-4542-893E-0217945C9A9A}"
EndProject
Project("{FAE04EC0-301F-11D3-BF4B-00C04F79EFBC}") = "MyGameDemo", "MyGameDemo\MyGameDemo.csproj", "{8BD55354-FF44-4940-B3E7-93543D9B63AE}"
EndProject
Project("{2150E333-8FDC-42A3-9474-1A3956D46DE8}") = "WCF_03", "WCF_03", "{2673CB83-F937-4503-9D24-6E2B6DA1DC7D}"
EndProject
Project("{FAE04EC0-301F-11D3-BF4B-00C04F79EFBC}") = "TotalMathLib", "TotalMathLib\TotalMathLib.csproj", "{68C5568E-2810-4711-84D0-6EF33C8E41D3}"
EndProject
Project("{FAE04EC0-301F-11D3-BF4B-00C04F79EFBC}") = "TotalMathHost", "TotalMathHost\TotalMathHost.csproj", "{0A54088D-1511-4DF6-A419-1D3CF328F494}"
EndProject
Project("{FAE04EC0-301F-11D3-BF4B-00C04F79EFBC}") = "TotalMathClient", "TotalMathClient\TotalMathClient.csproj", "{C02DBE59-50AF-4F9A-8B44-5A0B0DCFD3A5}"
EndProject
Project("{FAE04EC0-301F-11D3-BF4B-00C04F79EFBC}") = "StudentHost", "StudentHost\StudentHost.csproj", "{76643AB6-0AD8-4FD9-A4BB-BCFAE58FEB5B}"
EndProject
Project("{FAE04EC0-301F-11D3-BF4B-00C04F79EFBC}") = "StudentAsyncClient", "StudentAsyncClient\StudentAsyncClient.csproj", "{D6AD10AE-278A-4736-BD9A-E616FA6B8E69}"
EndProject
Project("{2150E333-8FDC-42A3-9474-1A3956D46DE8}") = "WCF_04", "WCF_04", "{94923FC7-B0B0-4146-A84F-C6D1792E84EC}"
EndProject
Project("{FAE04EC0-301F-11D3-BF4B-00C04F79EFBC}") = "WcfServiceLibraryTest", "WcfServiceLibraryTest\WcfServiceLibraryTest.csproj", "{51B3B1BB-291D-4FBC-ACA3-BFFF7596D4A6}"
EndProject
Project("{FAE04EC0-301F-11D3-BF4B-00C04F79EFBC}") = "WCFClientTest", "WCFClientTest\WCFClientTest.csproj", "{994CA380-56C0-4A14-B129-50E812B94EE6}"
	ProjectSection(ProjectDependencies) = postProject
		{51B3B1BB-291D-4FBC-ACA3-BFFF7596D4A6} = {51B3B1BB-291D-4FBC-ACA3-BFFF7596D4A6}
	EndProjectSection
EndProject
Project("{FAE04EC0-301F-11D3-BF4B-00C04F79EFBC}") = "OneWayService", "OneWayService\OneWayService.csproj", "{3B44893C-0E39-42A5-87AD-F9318E04FB68}"
EndProject
Project("{FAE04EC0-301F-11D3-BF4B-00C04F79EFBC}") = "OneWayClient", "OneWayClient\OneWayClient.csproj", "{AA3C59A4-2727-40B6-8475-06AA0D42FA98}"
	ProjectSection(ProjectDependencies) = postProject
		{3B44893C-0E39-42A5-87AD-F9318E04FB68} = {3B44893C-0E39-42A5-87AD-F9318E04FB68}
	EndProjectSection
EndProject
Project("{FAE04EC0-301F-11D3-BF4B-00C04F79EFBC}") = "MathTestWindowsService", "MathTestWindowsService\MathTestWindowsService.csproj", "{3C82F638-BB9E-469A-842D-BF90476D9CDC}"
EndProject
Project("{2150E333-8FDC-42A3-9474-1A3956D46DE8}") = "WCF_05", "WCF_05", "{9ADE6621-10A8-4B19-A8B6-4B01C964AEE9}"
EndProject
Project("{FAE04EC0-301F-11D3-BF4B-00C04F79EFBC}") = "DuplexLib", "DuplexLib\DuplexLib.csproj", "{E84C6278-8F88-486A-9818-1E5A274AE049}"
EndProject
Project("{FAE04EC0-301F-11D3-BF4B-00C04F79EFBC}") = "ClientCalculatorDuplex", "ClientCalculatorDuplex\ClientCalculatorDuplex.csproj", "{65900963-A1D7-464D-B7C6-7EB3E624AF3C}"
	ProjectSection(ProjectDependencies) = postProject
		{E84C6278-8F88-486A-9818-1E5A274AE049} = {E84C6278-8F88-486A-9818-1E5A274AE049}
	EndProjectSection
EndProject
Project("{2150E333-8FDC-42A3-9474-1A3956D46DE8}") = "WCF_06", "WCF_06", "{5D347EC0-7B79-42B4-9741-8D57E1CDBA2E}"
EndProject
Project("{FAE04EC0-301F-11D3-BF4B-00C04F79EFBC}") = "BankLib", "BankLib\BankLib.csproj", "{A333E647-0D18-4F0E-BE5A-B31760BF45E5}"
EndProject
Project("{FAE04EC0-301F-11D3-BF4B-00C04F79EFBC}") = "BankHost", "BankHost\BankHost.csproj", "{DCA89946-8837-438F-9198-49F10A6D296C}"
EndProject
Project("{FAE04EC0-301F-11D3-BF4B-00C04F79EFBC}") = "BankClient", "BankClient\BankClient.csproj", "{2FC221DA-53F9-4753-ABA7-F3A622F98C9A}"
EndProject
Project("{2150E333-8FDC-42A3-9474-1A3956D46DE8}") = "WCF_07", "WCF_07", "{86BF4F79-28C0-476E-AAE5-90E4448EE83B}"
EndProject
Project("{FAE04EC0-301F-11D3-BF4B-00C04F79EFBC}") = "BankTranLib", "BankTranLib\BankTranLib.csproj", "{DCB2E6FD-80CD-4A11-A786-D969FF2EE247}"
EndProject
Project("{FAE04EC0-301F-11D3-BF4B-00C04F79EFBC}") = "BankTranLib", "WCF\BankTranLib\BankTranLib.csproj", "{1B0FE6B7-6D20-4878-A172-8E0749BE3635}"
EndProject
Project("{FAE04EC0-301F-11D3-BF4B-00C04F79EFBC}") = "BankTranHost", "WCF\BankTranHost\BankTranHost.csproj", "{7E638939-6EDF-4F9E-B228-6978E8A64519}"
EndProject
Project("{FAE04EC0-301F-11D3-BF4B-00C04F79EFBC}") = "BankTranClient", "BankTranClient\BankTranClient.csproj", "{686F9D21-5B6B-4C96-B539-C7B9F10339EE}"
EndProject
Global
	GlobalSection(SolutionConfigurationPlatforms) = preSolution
		Debug|Any CPU = Debug|Any CPU
		Release|Any CPU = Release|Any CPU
	EndGlobalSection
	GlobalSection(ProjectConfigurationPlatforms) = postSolution
		{7D7E44A4-FE42-492B-B2F5-AD8EC7179E09}.Debug|Any CPU.ActiveCfg = Debug|Any CPU
		{7D7E44A4-FE42-492B-B2F5-AD8EC7179E09}.Debug|Any CPU.Build.0 = Debug|Any CPU
		{7D7E44A4-FE42-492B-B2F5-AD8EC7179E09}.Release|Any CPU.ActiveCfg = Release|Any CPU
		{7D7E44A4-FE42-492B-B2F5-AD8EC7179E09}.Release|Any CPU.Build.0 = Release|Any CPU
		{27D5A781-0C53-46A2-ABBA-4F835176A44E}.Debug|Any CPU.ActiveCfg = Debug|Any CPU
		{27D5A781-0C53-46A2-ABBA-4F835176A44E}.Debug|Any CPU.Build.0 = Debug|Any CPU
		{27D5A781-0C53-46A2-ABBA-4F835176A44E}.Release|Any CPU.ActiveCfg = Release|Any CPU
		{27D5A781-0C53-46A2-ABBA-4F835176A44E}.Release|Any CPU.Build.0 = Release|Any CPU
		{3F9DCB74-F15D-4E3E-B079-93B917A38DF0}.Debug|Any CPU.ActiveCfg = Debug|Any CPU
		{3F9DCB74-F15D-4E3E-B079-93B917A38DF0}.Debug|Any CPU.Build.0 = Debug|Any CPU
		{3F9DCB74-F15D-4E3E-B079-93B917A38DF0}.Release|Any CPU.ActiveCfg = Release|Any CPU
		{3F9DCB74-F15D-4E3E-B079-93B917A38DF0}.Release|Any CPU.Build.0 = Release|Any CPU
		{98242B7A-F4D6-40AB-9109-54B2A454371C}.Debug|Any CPU.ActiveCfg = Debug|Any CPU
		{98242B7A-F4D6-40AB-9109-54B2A454371C}.Debug|Any CPU.Build.0 = Debug|Any CPU
		{98242B7A-F4D6-40AB-9109-54B2A454371C}.Release|Any CPU.ActiveCfg = Release|Any CPU
		{98242B7A-F4D6-40AB-9109-54B2A454371C}.Release|Any CPU.Build.0 = Release|Any CPU
		{8DB09938-F99F-4CEC-8257-236D537DC3D0}.Debug|Any CPU.ActiveCfg = Debug|Any CPU
		{8DB09938-F99F-4CEC-8257-236D537DC3D0}.Debug|Any CPU.Build.0 = Debug|Any CPU
		{8DB09938-F99F-4CEC-8257-236D537DC3D0}.Release|Any CPU.ActiveCfg = Release|Any CPU
		{8DB09938-F99F-4CEC-8257-236D537DC3D0}.Release|Any CPU.Build.0 = Release|Any CPU
		{E8A9C16E-D563-4542-893E-0217945C9A9A}.Debug|Any CPU.ActiveCfg = Debug|Any CPU
		{E8A9C16E-D563-4542-893E-0217945C9A9A}.Debug|Any CPU.Build.0 = Debug|Any CPU
		{E8A9C16E-D563-4542-893E-0217945C9A9A}.Release|Any CPU.ActiveCfg = Release|Any CPU
		{E8A9C16E-D563-4542-893E-0217945C9A9A}.Release|Any CPU.Build.0 = Release|Any CPU
		{8BD55354-FF44-4940-B3E7-93543D9B63AE}.Debug|Any CPU.ActiveCfg = Debug|Any CPU
		{8BD55354-FF44-4940-B3E7-93543D9B63AE}.Debug|Any CPU.Build.0 = Debug|Any CPU
		{8BD55354-FF44-4940-B3E7-93543D9B63AE}.Release|Any CPU.ActiveCfg = Release|Any CPU
		{8BD55354-FF44-4940-B3E7-93543D9B63AE}.Release|Any CPU.Build.0 = Release|Any CPU
		{68C5568E-2810-4711-84D0-6EF33C8E41D3}.Debug|Any CPU.ActiveCfg = Debug|Any CPU
		{68C5568E-2810-4711-84D0-6EF33C8E41D3}.Debug|Any CPU.Build.0 = Debug|Any CPU
		{68C5568E-2810-4711-84D0-6EF33C8E41D3}.Release|Any CPU.ActiveCfg = Release|Any CPU
		{68C5568E-2810-4711-84D0-6EF33C8E41D3}.Release|Any CPU.Build.0 = Release|Any CPU
		{0A54088D-1511-4DF6-A419-1D3CF328F494}.Debug|Any CPU.ActiveCfg = Debug|Any CPU
		{0A54088D-1511-4DF6-A419-1D3CF328F494}.Debug|Any CPU.Build.0 = Debug|Any CPU
		{0A54088D-1511-4DF6-A419-1D3CF328F494}.Release|Any CPU.ActiveCfg = Release|Any CPU
		{0A54088D-1511-4DF6-A419-1D3CF328F494}.Release|Any CPU.Build.0 = Release|Any CPU
		{C02DBE59-50AF-4F9A-8B44-5A0B0DCFD3A5}.Debug|Any CPU.ActiveCfg = Debug|Any CPU
		{C02DBE59-50AF-4F9A-8B44-5A0B0DCFD3A5}.Debug|Any CPU.Build.0 = Debug|Any CPU
		{C02DBE59-50AF-4F9A-8B44-5A0B0DCFD3A5}.Release|Any CPU.ActiveCfg = Release|Any CPU
		{C02DBE59-50AF-4F9A-8B44-5A0B0DCFD3A5}.Release|Any CPU.Build.0 = Release|Any CPU
		{76643AB6-0AD8-4FD9-A4BB-BCFAE58FEB5B}.Debug|Any CPU.ActiveCfg = Debug|Any CPU
		{76643AB6-0AD8-4FD9-A4BB-BCFAE58FEB5B}.Debug|Any CPU.Build.0 = Debug|Any CPU
		{76643AB6-0AD8-4FD9-A4BB-BCFAE58FEB5B}.Release|Any CPU.ActiveCfg = Release|Any CPU
		{76643AB6-0AD8-4FD9-A4BB-BCFAE58FEB5B}.Release|Any CPU.Build.0 = Release|Any CPU
		{D6AD10AE-278A-4736-BD9A-E616FA6B8E69}.Debug|Any CPU.ActiveCfg = Debug|Any CPU
		{D6AD10AE-278A-4736-BD9A-E616FA6B8E69}.Debug|Any CPU.Build.0 = Debug|Any CPU
		{D6AD10AE-278A-4736-BD9A-E616FA6B8E69}.Release|Any CPU.ActiveCfg = Release|Any CPU
		{D6AD10AE-278A-4736-BD9A-E616FA6B8E69}.Release|Any CPU.Build.0 = Release|Any CPU
		{51B3B1BB-291D-4FBC-ACA3-BFFF7596D4A6}.Debug|Any CPU.ActiveCfg = Debug|Any CPU
		{51B3B1BB-291D-4FBC-ACA3-BFFF7596D4A6}.Debug|Any CPU.Build.0 = Debug|Any CPU
		{51B3B1BB-291D-4FBC-ACA3-BFFF7596D4A6}.Release|Any CPU.ActiveCfg = Release|Any CPU
		{51B3B1BB-291D-4FBC-ACA3-BFFF7596D4A6}.Release|Any CPU.Build.0 = Release|Any CPU
		{994CA380-56C0-4A14-B129-50E812B94EE6}.Debug|Any CPU.ActiveCfg = Debug|Any CPU
		{994CA380-56C0-4A14-B129-50E812B94EE6}.Debug|Any CPU.Build.0 = Debug|Any CPU
		{994CA380-56C0-4A14-B129-50E812B94EE6}.Release|Any CPU.ActiveCfg = Release|Any CPU
		{994CA380-56C0-4A14-B129-50E812B94EE6}.Release|Any CPU.Build.0 = Release|Any CPU
		{3B44893C-0E39-42A5-87AD-F9318E04FB68}.Debug|Any CPU.ActiveCfg = Debug|Any CPU
		{3B44893C-0E39-42A5-87AD-F9318E04FB68}.Debug|Any CPU.Build.0 = Debug|Any CPU
		{3B44893C-0E39-42A5-87AD-F9318E04FB68}.Release|Any CPU.ActiveCfg = Release|Any CPU
		{3B44893C-0E39-42A5-87AD-F9318E04FB68}.Release|Any CPU.Build.0 = Release|Any CPU
		{AA3C59A4-2727-40B6-8475-06AA0D42FA98}.Debug|Any CPU.ActiveCfg = Debug|Any CPU
		{AA3C59A4-2727-40B6-8475-06AA0D42FA98}.Debug|Any CPU.Build.0 = Debug|Any CPU
		{AA3C59A4-2727-40B6-8475-06AA0D42FA98}.Release|Any CPU.ActiveCfg = Release|Any CPU
		{AA3C59A4-2727-40B6-8475-06AA0D42FA98}.Release|Any CPU.Build.0 = Release|Any CPU
		{3C82F638-BB9E-469A-842D-BF90476D9CDC}.Debug|Any CPU.ActiveCfg = Debug|Any CPU
		{3C82F638-BB9E-469A-842D-BF90476D9CDC}.Debug|Any CPU.Build.0 = Debug|Any CPU
		{3C82F638-BB9E-469A-842D-BF90476D9CDC}.Release|Any CPU.ActiveCfg = Release|Any CPU
		{3C82F638-BB9E-469A-842D-BF90476D9CDC}.Release|Any CPU.Build.0 = Release|Any CPU
		{E84C6278-8F88-486A-9818-1E5A274AE049}.Debug|Any CPU.ActiveCfg = Debug|Any CPU
		{E84C6278-8F88-486A-9818-1E5A274AE049}.Debug|Any CPU.Build.0 = Debug|Any CPU
		{E84C6278-8F88-486A-9818-1E5A274AE049}.Release|Any CPU.ActiveCfg = Release|Any CPU
		{E84C6278-8F88-486A-9818-1E5A274AE049}.Release|Any CPU.Build.0 = Release|Any CPU
		{65900963-A1D7-464D-B7C6-7EB3E624AF3C}.Debug|Any CPU.ActiveCfg = Debug|Any CPU
		{65900963-A1D7-464D-B7C6-7EB3E624AF3C}.Debug|Any CPU.Build.0 = Debug|Any CPU
		{65900963-A1D7-464D-B7C6-7EB3E624AF3C}.Release|Any CPU.ActiveCfg = Release|Any CPU
		{65900963-A1D7-464D-B7C6-7EB3E624AF3C}.Release|Any CPU.Build.0 = Release|Any CPU
		{A333E647-0D18-4F0E-BE5A-B31760BF45E5}.Debug|Any CPU.ActiveCfg = Debug|Any CPU
		{A333E647-0D18-4F0E-BE5A-B31760BF45E5}.Debug|Any CPU.Build.0 = Debug|Any CPU
		{A333E647-0D18-4F0E-BE5A-B31760BF45E5}.Release|Any CPU.ActiveCfg = Release|Any CPU
		{A333E647-0D18-4F0E-BE5A-B31760BF45E5}.Release|Any CPU.Build.0 = Release|Any CPU
		{DCA89946-8837-438F-9198-49F10A6D296C}.Debug|Any CPU.ActiveCfg = Debug|Any CPU
		{DCA89946-8837-438F-9198-49F10A6D296C}.Debug|Any CPU.Build.0 = Debug|Any CPU
		{DCA89946-8837-438F-9198-49F10A6D296C}.Release|Any CPU.ActiveCfg = Release|Any CPU
		{DCA89946-8837-438F-9198-49F10A6D296C}.Release|Any CPU.Build.0 = Release|Any CPU
		{2FC221DA-53F9-4753-ABA7-F3A622F98C9A}.Debug|Any CPU.ActiveCfg = Debug|Any CPU
		{2FC221DA-53F9-4753-ABA7-F3A622F98C9A}.Debug|Any CPU.Build.0 = Debug|Any CPU
		{2FC221DA-53F9-4753-ABA7-F3A622F98C9A}.Release|Any CPU.ActiveCfg = Release|Any CPU
		{2FC221DA-53F9-4753-ABA7-F3A622F98C9A}.Release|Any CPU.Build.0 = Release|Any CPU
		{DCB2E6FD-80CD-4A11-A786-D969FF2EE247}.Debug|Any CPU.ActiveCfg = Debug|Any CPU
		{DCB2E6FD-80CD-4A11-A786-D969FF2EE247}.Debug|Any CPU.Build.0 = Debug|Any CPU
		{DCB2E6FD-80CD-4A11-A786-D969FF2EE247}.Release|Any CPU.ActiveCfg = Release|Any CPU
		{DCB2E6FD-80CD-4A11-A786-D969FF2EE247}.Release|Any CPU.Build.0 = Release|Any CPU
		{1B0FE6B7-6D20-4878-A172-8E0749BE3635}.Debug|Any CPU.ActiveCfg = Debug|Any CPU
		{1B0FE6B7-6D20-4878-A172-8E0749BE3635}.Debug|Any CPU.Build.0 = Debug|Any CPU
		{1B0FE6B7-6D20-4878-A172-8E0749BE3635}.Release|Any CPU.ActiveCfg = Release|Any CPU
		{1B0FE6B7-6D20-4878-A172-8E0749BE3635}.Release|Any CPU.Build.0 = Release|Any CPU
		{7E638939-6EDF-4F9E-B228-6978E8A64519}.Debug|Any CPU.ActiveCfg = Debug|Any CPU
		{7E638939-6EDF-4F9E-B228-6978E8A64519}.Debug|Any CPU.Build.0 = Debug|Any CPU
		{7E638939-6EDF-4F9E-B228-6978E8A64519}.Release|Any CPU.ActiveCfg = Release|Any CPU
		{7E638939-6EDF-4F9E-B228-6978E8A64519}.Release|Any CPU.Build.0 = Release|Any CPU
		{686F9D21-5B6B-4C96-B539-C7B9F10339EE}.Debug|Any CPU.ActiveCfg = Debug|Any CPU
		{686F9D21-5B6B-4C96-B539-C7B9F10339EE}.Debug|Any CPU.Build.0 = Debug|Any CPU
		{686F9D21-5B6B-4C96-B539-C7B9F10339EE}.Release|Any CPU.ActiveCfg = Release|Any CPU
		{686F9D21-5B6B-4C96-B539-C7B9F10339EE}.Release|Any CPU.Build.0 = Release|Any CPU
	EndGlobalSection
	GlobalSection(SolutionProperties) = preSolution
		HideSolutionNode = FALSE
	EndGlobalSection
	GlobalSection(NestedProjects) = preSolution
		{8DB09938-F99F-4CEC-8257-236D537DC3D0} = {CC764CBF-8615-4EC9-BB42-54D25E377138}
		{E8A9C16E-D563-4542-893E-0217945C9A9A} = {CC764CBF-8615-4EC9-BB42-54D25E377138}
		{8BD55354-FF44-4940-B3E7-93543D9B63AE} = {CC764CBF-8615-4EC9-BB42-54D25E377138}
		{68C5568E-2810-4711-84D0-6EF33C8E41D3} = {2673CB83-F937-4503-9D24-6E2B6DA1DC7D}
		{0A54088D-1511-4DF6-A419-1D3CF328F494} = {2673CB83-F937-4503-9D24-6E2B6DA1DC7D}
		{C02DBE59-50AF-4F9A-8B44-5A0B0DCFD3A5} = {2673CB83-F937-4503-9D24-6E2B6DA1DC7D}
		{76643AB6-0AD8-4FD9-A4BB-BCFAE58FEB5B} = {2673CB83-F937-4503-9D24-6E2B6DA1DC7D}
		{D6AD10AE-278A-4736-BD9A-E616FA6B8E69} = {2673CB83-F937-4503-9D24-6E2B6DA1DC7D}
		{51B3B1BB-291D-4FBC-ACA3-BFFF7596D4A6} = {94923FC7-B0B0-4146-A84F-C6D1792E84EC}
		{994CA380-56C0-4A14-B129-50E812B94EE6} = {94923FC7-B0B0-4146-A84F-C6D1792E84EC}
		{3B44893C-0E39-42A5-87AD-F9318E04FB68} = {94923FC7-B0B0-4146-A84F-C6D1792E84EC}
		{AA3C59A4-2727-40B6-8475-06AA0D42FA98} = {94923FC7-B0B0-4146-A84F-C6D1792E84EC}
		{E84C6278-8F88-486A-9818-1E5A274AE049} = {9ADE6621-10A8-4B19-A8B6-4B01C964AEE9}
		{65900963-A1D7-464D-B7C6-7EB3E624AF3C} = {9ADE6621-10A8-4B19-A8B6-4B01C964AEE9}
		{A333E647-0D18-4F0E-BE5A-B31760BF45E5} = {5D347EC0-7B79-42B4-9741-8D57E1CDBA2E}
		{DCA89946-8837-438F-9198-49F10A6D296C} = {5D347EC0-7B79-42B4-9741-8D57E1CDBA2E}
		{2FC221DA-53F9-4753-ABA7-F3A622F98C9A} = {5D347EC0-7B79-42B4-9741-8D57E1CDBA2E}
		{DCB2E6FD-80CD-4A11-A786-D969FF2EE247} = {86BF4F79-28C0-476E-AAE5-90E4448EE83B}
	EndGlobalSection
	GlobalSection(ExtensibilityGlobals) = postSolution
		SolutionGuid = {15B86EC9-D60A-46C8-8CE6-B8E7B94D1B51}
	EndGlobalSection
EndGlobal
